github.com/hhq163/v8go v0.5.2-0.20230301094724-8ae4450ec571 h1:htJwLQ/92TswL33mI8Cxof1RAtPyMdwsQOtbH93cAA0=
github.com/hhq163/v8go v0.5.2-0.20230301094724-8ae4450ec571/go.mod h1:EEBwwu9IBUdRAg95ZKDThFfKrLQXYTYxM+gXm8nhSUk=
github.com/hhq163/v8go v0.7.1-0.20230302085511-2695031d5664 h1:EkYASq94u205FplUF1EqZoepY768Z5Ib0jJDEfgKReE=
github.com/hhq163/v8go v0.7.1-0.20230302085511-2695031d5664/go.mod h1:FaqyGtdNDZPwVkb7jMUv+ET4QRW189R4CtfMab0bvcw=
